
Microsoft Visual Studio Solution File, Format Version 12.00
# Visual Studio Version 17
VisualStudioVersion = 17.3.32819.101
MinimumVisualStudioVersion = 10.0.40219.1
Project("{9A19103F-16F7-4668-BE54-9A1E7A4F7556}") = "CustomFlags", "CustomFlags\CustomFlags.csproj", "{A69084DE-8BCC-46DE-A625-54416B1903AB}"
EndProject
Project("{9A19103F-16F7-4668-BE54-9A1E7A4F7556}") = "CustomFlags.Demo", "CustomFlags.Demo\CustomFlags.Demo.csproj", "{EBE41761-9E6A-48FE-B6A7-5E8613D7CA58}"
EndProject
Project("{9A19103F-16F7-4668-BE54-9A1E7A4F7556}") = "SwitchObjects", "SwitchObjects\SwitchObjects.csproj", "{9EADB587-E2F1-4F3E-B127-66A37B84591C}"
EndProject
Project("{FAE04EC0-301F-11D3-BF4B-00C04F79EFBC}") = "CustomFlags.Tests", "CustomFlags.Tests\CustomFlags.Tests.csproj", "{2378CC67-28DA-4E3D-AE9E-448A1FED9217}"
EndProject
Global
	GlobalSection(SolutionConfigurationPlatforms) = preSolution
		Debug|Any CPU = Debug|Any CPU
		Release|Any CPU = Release|Any CPU
	EndGlobalSection
	GlobalSection(ProjectConfigurationPlatforms) = postSolution
		{A69084DE-8BCC-46DE-A625-54416B1903AB}.Debug|Any CPU.ActiveCfg = Debug|Any CPU
		{A69084DE-8BCC-46DE-A625-54416B1903AB}.Debug|Any CPU.Build.0 = Debug|Any CPU
		{A69084DE-8BCC-46DE-A625-54416B1903AB}.Release|Any CPU.ActiveCfg = Release|Any CPU
		{A69084DE-8BCC-46DE-A625-54416B1903AB}.Release|Any CPU.Build.0 = Release|Any CPU
		{EBE41761-9E6A-48FE-B6A7-5E8613D7CA58}.Debug|Any CPU.ActiveCfg = Debug|Any CPU
		{EBE41761-9E6A-48FE-B6A7-5E8613D7CA58}.Debug|Any CPU.Build.0 = Debug|Any CPU
		{EBE41761-9E6A-48FE-B6A7-5E8613D7CA58}.Release|Any CPU.ActiveCfg = Release|Any CPU
		{EBE41761-9E6A-48FE-B6A7-5E8613D7CA58}.Release|Any CPU.Build.0 = Release|Any CPU
		{9EADB587-E2F1-4F3E-B127-66A37B84591C}.Debug|Any CPU.ActiveCfg = Debug|Any CPU
		{9EADB587-E2F1-4F3E-B127-66A37B84591C}.Debug|Any CPU.Build.0 = Debug|Any CPU
		{9EADB587-E2F1-4F3E-B127-66A37B84591C}.Release|Any CPU.ActiveCfg = Release|Any CPU
		{9EADB587-E2F1-4F3E-B127-66A37B84591C}.Release|Any CPU.Build.0 = Release|Any CPU
		{2378CC67-28DA-4E3D-AE9E-448A1FED9217}.Debug|Any CPU.ActiveCfg = Debug|Any CPU
		{2378CC67-28DA-4E3D-AE9E-448A1FED9217}.Debug|Any CPU.Build.0 = Debug|Any CPU
		{2378CC67-28DA-4E3D-AE9E-448A1FED9217}.Release|Any CPU.ActiveCfg = Release|Any CPU
		{2378CC67-28DA-4E3D-AE9E-448A1FED9217}.Release|Any CPU.Build.0 = Release|Any CPU
	EndGlobalSection
	GlobalSection(SolutionProperties) = preSolution
		HideSolutionNode = FALSE
	EndGlobalSection
	GlobalSection(ExtensibilityGlobals) = postSolution
		SolutionGuid = {DBB2A9ED-216A-4581-A367-BFA30BB6C402}
	EndGlobalSection
EndGlobal
